// !$*UTF8*$!
{
	archiveVersion = 1;
	classes = {
	};
	objectVersion = 55;
	objects = {

/* Begin PBXBuildFile section */
		55026E1C289097DF0064E1CB /* AppDelegate.swift in Sources */ = {isa = PBXBuildFile; fileRef = 55026E1B289097DF0064E1CB /* AppDelegate.swift */; };
		55026E1E289097DF0064E1CB /* SceneDelegate.swift in Sources */ = {isa = PBXBuildFile; fileRef = 55026E1D289097DF0064E1CB /* SceneDelegate.swift */; };
		55026E25289097E30064E1CB /* Assets.xcassets in Resources */ = {isa = PBXBuildFile; fileRef = 55026E24289097E30064E1CB /* Assets.xcassets */; };
		55026E28289097E30064E1CB /* LaunchScreen.storyboard in Resources */ = {isa = PBXBuildFile; fileRef = 55026E26289097E30064E1CB /* LaunchScreen.storyboard */; };
		55026E33289097E30064E1CB /* comics_challengeTests.swift in Sources */ = {isa = PBXBuildFile; fileRef = 55026E32289097E30064E1CB /* comics_challengeTests.swift */; };
		55026E3D289097E30064E1CB /* comics_challengeUITests.swift in Sources */ = {isa = PBXBuildFile; fileRef = 55026E3C289097E30064E1CB /* comics_challengeUITests.swift */; };
		55026E3F289097E30064E1CB /* comics_challengeUITestsLaunchTests.swift in Sources */ = {isa = PBXBuildFile; fileRef = 55026E3E289097E30064E1CB /* comics_challengeUITestsLaunchTests.swift */; };
		55026E5128909A7B0064E1CB /* HomeViewController.swift in Sources */ = {isa = PBXBuildFile; fileRef = 55026E4F28909A7B0064E1CB /* HomeViewController.swift */; };
		55026E5228909A7B0064E1CB /* HomeViewController.xib in Resources */ = {isa = PBXBuildFile; fileRef = 55026E5028909A7B0064E1CB /* HomeViewController.xib */; };
/* End PBXBuildFile section */

/* Begin PBXContainerItemProxy section */
		55026E2F289097E30064E1CB /* PBXContainerItemProxy */ = {
			isa = PBXContainerItemProxy;
			containerPortal = 55026E10289097DF0064E1CB /* Project object */;
			proxyType = 1;
			remoteGlobalIDString = 55026E17289097DF0064E1CB;
			remoteInfo = "comics-challenge";
		};
		55026E39289097E30064E1CB /* PBXContainerItemProxy */ = {
			isa = PBXContainerItemProxy;
			containerPortal = 55026E10289097DF0064E1CB /* Project object */;
			proxyType = 1;
			remoteGlobalIDString = 55026E17289097DF0064E1CB;
			remoteInfo = "comics-challenge";
		};
/* End PBXContainerItemProxy section */

/* Begin PBXFileReference section */
		55026E18289097DF0064E1CB /* comics-challenge.app */ = {isa = PBXFileReference; explicitFileType = wrapper.application; includeInIndex = 0; path = "comics-challenge.app"; sourceTree = BUILT_PRODUCTS_DIR; };
		55026E1B289097DF0064E1CB /* AppDelegate.swift */ = {isa = PBXFileReference; lastKnownFileType = sourcecode.swift; path = AppDelegate.swift; sourceTree = "<group>"; };
		55026E1D289097DF0064E1CB /* SceneDelegate.swift */ = {isa = PBXFileReference; lastKnownFileType = sourcecode.swift; path = SceneDelegate.swift; sourceTree = "<group>"; };
		55026E24289097E30064E1CB /* Assets.xcassets */ = {isa = PBXFileReference; lastKnownFileType = folder.assetcatalog; path = Assets.xcassets; sourceTree = "<group>"; };
		55026E27289097E30064E1CB /* Base */ = {isa = PBXFileReference; lastKnownFileType = file.storyboard; name = Base; path = Base.lproj/LaunchScreen.storyboard; sourceTree = "<group>"; };
		55026E29289097E30064E1CB /* Info.plist */ = {isa = PBXFileReference; lastKnownFileType = text.plist.xml; path = Info.plist; sourceTree = "<group>"; };
		55026E2E289097E30064E1CB /* comics-challengeTests.xctest */ = {isa = PBXFileReference; explicitFileType = wrapper.cfbundle; includeInIndex = 0; path = "comics-challengeTests.xctest"; sourceTree = BUILT_PRODUCTS_DIR; };
		55026E32289097E30064E1CB /* comics_challengeTests.swift */ = {isa = PBXFileReference; lastKnownFileType = sourcecode.swift; path = comics_challengeTests.swift; sourceTree = "<group>"; };
		55026E38289097E30064E1CB /* comics-challengeUITests.xctest */ = {isa = PBXFileReference; explicitFileType = wrapper.cfbundle; includeInIndex = 0; path = "comics-challengeUITests.xctest"; sourceTree = BUILT_PRODUCTS_DIR; };
		55026E3C289097E30064E1CB /* comics_challengeUITests.swift */ = {isa = PBXFileReference; lastKnownFileType = sourcecode.swift; path = comics_challengeUITests.swift; sourceTree = "<group>"; };
		55026E3E289097E30064E1CB /* comics_challengeUITestsLaunchTests.swift */ = {isa = PBXFileReference; lastKnownFileType = sourcecode.swift; path = comics_challengeUITestsLaunchTests.swift; sourceTree = "<group>"; };
		55026E4F28909A7B0064E1CB /* HomeViewController.swift */ = {isa = PBXFileReference; lastKnownFileType = sourcecode.swift; path = HomeViewController.swift; sourceTree = "<group>"; };
		55026E5028909A7B0064E1CB /* HomeViewController.xib */ = {isa = PBXFileReference; lastKnownFileType = file.xib; path = HomeViewController.xib; sourceTree = "<group>"; };
/* End PBXFileReference section */

/* Begin PBXFrameworksBuildPhase section */
		55026E15289097DF0064E1CB /* Frameworks */ = {
			isa = PBXFrameworksBuildPhase;
			buildActionMask = 2147483647;
			files = (
			);
			runOnlyForDeploymentPostprocessing = 0;
		};
		55026E2B289097E30064E1CB /* Frameworks */ = {
			isa = PBXFrameworksBuildPhase;
			buildActionMask = 2147483647;
			files = (
			);
			runOnlyForDeploymentPostprocessing = 0;
		};
		55026E35289097E30064E1CB /* Frameworks */ = {
			isa = PBXFrameworksBuildPhase;
			buildActionMask = 2147483647;
			files = (
			);
			runOnlyForDeploymentPostprocessing = 0;
		};
/* End PBXFrameworksBuildPhase section */

/* Begin PBXGroup section */
		55026E0F289097DF0064E1CB = {
			isa = PBXGroup;
			children = (
				55026E1A289097DF0064E1CB /* comics-challenge */,
				55026E31289097E30064E1CB /* comics-challengeTests */,
				55026E3B289097E30064E1CB /* comics-challengeUITests */,
				55026E19289097DF0064E1CB /* Products */,
			);
			sourceTree = "<group>";
		};
		55026E19289097DF0064E1CB /* Products */ = {
			isa = PBXGroup;
			children = (
				55026E18289097DF0064E1CB /* comics-challenge.app */,
				55026E2E289097E30064E1CB /* comics-challengeTests.xctest */,
				55026E38289097E30064E1CB /* comics-challengeUITests.xctest */,
			);
			name = Products;
			sourceTree = "<group>";
		};
		55026E1A289097DF0064E1CB /* comics-challenge */ = {
			isa = PBXGroup;
			children = (
				55026E4D2890992E0064E1CB /* Common */,
				55026E4B289098FB0064E1CB /* Modules */,
				55026E1B289097DF0064E1CB /* AppDelegate.swift */,
				55026E1D289097DF0064E1CB /* SceneDelegate.swift */,
				55026E24289097E30064E1CB /* Assets.xcassets */,
				55026E26289097E30064E1CB /* LaunchScreen.storyboard */,
				55026E29289097E30064E1CB /* Info.plist */,
			);
			path = "comics-challenge";
			sourceTree = "<group>";
		};
		55026E31289097E30064E1CB /* comics-challengeTests */ = {
			isa = PBXGroup;
			children = (
				55026E32289097E30064E1CB /* comics_challengeTests.swift */,
			);
			path = "comics-challengeTests";
			sourceTree = "<group>";
		};
		55026E3B289097E30064E1CB /* comics-challengeUITests */ = {
			isa = PBXGroup;
			children = (
				55026E3C289097E30064E1CB /* comics_challengeUITests.swift */,
				55026E3E289097E30064E1CB /* comics_challengeUITestsLaunchTests.swift */,
			);
			path = "comics-challengeUITests";
			sourceTree = "<group>";
		};
		55026E4B289098FB0064E1CB /* Modules */ = {
			isa = PBXGroup;
			children = (
				55026E4C2890990B0064E1CB /* Home */,
			);
			path = Modules;
			sourceTree = "<group>";
		};
		55026E4C2890990B0064E1CB /* Home */ = {
			isa = PBXGroup;
			children = (
				55026E4F28909A7B0064E1CB /* HomeViewController.swift */,
				55026E5028909A7B0064E1CB /* HomeViewController.xib */,
			);
			path = Home;
			sourceTree = "<group>";
		};
		55026E4D2890992E0064E1CB /* Common */ = {
			isa = PBXGroup;
			children = (
				55026E4E289099390064E1CB /* Models */,
			);
			path = Common;
			sourceTree = "<group>";
		};
		55026E4E289099390064E1CB /* Models */ = {
			isa = PBXGroup;
			children = (
			);
			path = Models;
			sourceTree = "<group>";
		};
/* End PBXGroup section */

/* Begin PBXNativeTarget section */
		55026E17289097DF0064E1CB /* comics-challenge */ = {
			isa = PBXNativeTarget;
			buildConfigurationList = 55026E42289097E30064E1CB /* Build configuration list for PBXNativeTarget "comics-challenge" */;
			buildPhases = (
				55026E14289097DF0064E1CB /* Sources */,
				55026E15289097DF0064E1CB /* Frameworks */,
				55026E16289097DF0064E1CB /* Resources */,
			);
			buildRules = (
			);
			dependencies = (
			);
			name = "comics-challenge";
			productName = "comics-challenge";
			productReference = 55026E18289097DF0064E1CB /* comics-challenge.app */;
			productType = "com.apple.product-type.application";
		};
		55026E2D289097E30064E1CB /* comics-challengeTests */ = {
			isa = PBXNativeTarget;
			buildConfigurationList = 55026E45289097E30064E1CB /* Build configuration list for PBXNativeTarget "comics-challengeTests" */;
			buildPhases = (
				55026E2A289097E30064E1CB /* Sources */,
				55026E2B289097E30064E1CB /* Frameworks */,
				55026E2C289097E30064E1CB /* Resources */,
			);
			buildRules = (
			);
			dependencies = (
				55026E30289097E30064E1CB /* PBXTargetDependency */,
			);
			name = "comics-challengeTests";
			productName = "comics-challengeTests";
			productReference = 55026E2E289097E30064E1CB /* comics-challengeTests.xctest */;
			productType = "com.apple.product-type.bundle.unit-test";
		};
		55026E37289097E30064E1CB /* comics-challengeUITests */ = {
			isa = PBXNativeTarget;
			buildConfigurationList = 55026E48289097E30064E1CB /* Build configuration list for PBXNativeTarget "comics-challengeUITests" */;
			buildPhases = (
				55026E34289097E30064E1CB /* Sources */,
				55026E35289097E30064E1CB /* Frameworks */,
				55026E36289097E30064E1CB /* Resources */,
			);
			buildRules = (
			);
			dependencies = (
				55026E3A289097E30064E1CB /* PBXTargetDependency */,
			);
			name = "comics-challengeUITests";
			productName = "comics-challengeUITests";
			productReference = 55026E38289097E30064E1CB /* comics-challengeUITests.xctest */;
			productType = "com.apple.product-type.bundle.ui-testing";
		};
/* End PBXNativeTarget section */

/* Begin PBXProject section */
		55026E10289097DF0064E1CB /* Project object */ = {
			isa = PBXProject;
			attributes = {
				BuildIndependentTargetsInParallel = 1;
				LastSwiftUpdateCheck = 1310;
				LastUpgradeCheck = 1310;
				TargetAttributes = {
					55026E17289097DF0064E1CB = {
						CreatedOnToolsVersion = 13.1;
					};
					55026E2D289097E30064E1CB = {
						CreatedOnToolsVersion = 13.1;
						TestTargetID = 55026E17289097DF0064E1CB;
					};
					55026E37289097E30064E1CB = {
						CreatedOnToolsVersion = 13.1;
						TestTargetID = 55026E17289097DF0064E1CB;
					};
				};
			};
			buildConfigurationList = 55026E13289097DF0064E1CB /* Build configuration list for PBXProject "comics-challenge" */;
			compatibilityVersion = "Xcode 13.0";
			developmentRegion = en;
			hasScannedForEncodings = 0;
			knownRegions = (
				en,
				Base,
			);
			mainGroup = 55026E0F289097DF0064E1CB;
			productRefGroup = 55026E19289097DF0064E1CB /* Products */;
			projectDirPath = "";
			projectRoot = "";
			targets = (
				55026E17289097DF0064E1CB /* comics-challenge */,
				55026E2D289097E30064E1CB /* comics-challengeTests */,
				55026E37289097E30064E1CB /* comics-challengeUITests */,
			);
		};
/* End PBXProject section */

/* Begin PBXResourcesBuildPhase section */
		55026E16289097DF0064E1CB /* Resources */ = {
			isa = PBXResourcesBuildPhase;
			buildActionMask = 2147483647;
			files = (
				55026E28289097E30064E1CB /* LaunchScreen.storyboard in Resources */,
				55026E25289097E30064E1CB /* Assets.xcassets in Resources */,
				55026E5228909A7B0064E1CB /* HomeViewController.xib in Resources */,
			);
			runOnlyForDeploymentPostprocessing = 0;
		};
		55026E2C289097E30064E1CB /* Resources */ = {
			isa = PBXResourcesBuildPhase;
			buildActionMask = 2147483647;
			files = (
			);
			runOnlyForDeploymentPostprocessing = 0;
		};
		55026E36289097E30064E1CB /* Resources */ = {
			isa = PBXResourcesBuildPhase;
			buildActionMask = 2147483647;
			files = (
			);
			runOnlyForDeploymentPostprocessing = 0;
		};
/* End PBXResourcesBuildPhase section */

/* Begin PBXSourcesBuildPhase section */
		55026E14289097DF0064E1CB /* Sources */ = {
			isa = PBXSourcesBuildPhase;
			buildActionMask = 2147483647;
			files = (
				55026E1C289097DF0064E1CB /* AppDelegate.swift in Sources */,
				55026E1E289097DF0064E1CB /* SceneDelegate.swift in Sources */,
				55026E5128909A7B0064E1CB /* HomeViewController.swift in Sources */,
			);
			runOnlyForDeploymentPostprocessing = 0;
		};
		55026E2A289097E30064E1CB /* Sources */ = {
			isa = PBXSourcesBuildPhase;
			buildActionMask = 2147483647;
			files = (
				55026E33289097E30064E1CB /* comics_challengeTests.swift in Sources */,
			);
			runOnlyForDeploymentPostprocessing = 0;
		};
		55026E34289097E30064E1CB /* Sources */ = {
			isa = PBXSourcesBuildPhase;
			buildActionMask = 2147483647;
			files = (
				55026E3F289097E30064E1CB /* comics_challengeUITestsLaunchTests.swift in Sources */,
				55026E3D289097E30064E1CB /* comics_challengeUITests.swift in Sources */,
			);
			runOnlyForDeploymentPostprocessing = 0;
		};
/* End PBXSourcesBuildPhase section */

/* Begin PBXTargetDependency section */
		55026E30289097E30064E1CB /* PBXTargetDependency */ = {
			isa = PBXTargetDependency;
			target = 55026E17289097DF0064E1CB /* comics-challenge */;
			targetProxy = 55026E2F289097E30064E1CB /* PBXContainerItemProxy */;
		};
		55026E3A289097E30064E1CB /* PBXTargetDependency */ = {
			isa = PBXTargetDependency;
			target = 55026E17289097DF0064E1CB /* comics-challenge */;
			targetProxy = 55026E39289097E30064E1CB /* PBXContainerItemProxy */;
		};
/* End PBXTargetDependency section */

/* Begin PBXVariantGroup section */
		55026E26289097E30064E1CB /* LaunchScreen.storyboard */ = {
			isa = PBXVariantGroup;
			children = (
				55026E27289097E30064E1CB /* Base */,
			);
			name = LaunchScreen.storyboard;
			sourceTree = "<group>";
		};
/* End PBXVariantGroup section */

/* Begin XCBuildConfiguration section */
		55026E40289097E30064E1CB /* Debug */ = {
			isa = XCBuildConfiguration;
			buildSettings = {
				ALWAYS_SEARCH_USER_PATHS = NO;
				CLANG_ANALYZER_NONNULL = YES;
				CLANG_ANALYZER_NUMBER_OBJECT_CONVERSION = YES_AGGRESSIVE;
				CLANG_CXX_LANGUAGE_STANDARD = "gnu++17";
				CLANG_CXX_LIBRARY = "libc++";
				CLANG_ENABLE_MODULES = YES;
				CLANG_ENABLE_OBJC_ARC = YES;
				CLANG_ENABLE_OBJC_WEAK = YES;
				CLANG_WARN_BLOCK_CAPTURE_AUTORELEASING = YES;
				CLANG_WARN_BOOL_CONVERSION = YES;
				CLANG_WARN_COMMA = YES;
				CLANG_WARN_CONSTANT_CONVERSION = YES;
				CLANG_WARN_DEPRECATED_OBJC_IMPLEMENTATIONS = YES;
				CLANG_WARN_DIRECT_OBJC_ISA_USAGE = YES_ERROR;
				CLANG_WARN_DOCUMENTATION_COMMENTS = YES;
				CLANG_WARN_EMPTY_BODY = YES;
				CLANG_WARN_ENUM_CONVERSION = YES;
				CLANG_WARN_INFINITE_RECURSION = YES;
				CLANG_WARN_INT_CONVERSION = YES;
				CLANG_WARN_NON_LITERAL_NULL_CONVERSION = YES;
				CLANG_WARN_OBJC_IMPLICIT_RETAIN_SELF = YES;
				CLANG_WARN_OBJC_LITERAL_CONVERSION = YES;
				CLANG_WARN_OBJC_ROOT_CLASS = YES_ERROR;
				CLANG_WARN_QUOTED_INCLUDE_IN_FRAMEWORK_HEADER = YES;
				CLANG_WARN_RANGE_LOOP_ANALYSIS = YES;
				CLANG_WARN_STRICT_PROTOTYPES = YES;
				CLANG_WARN_SUSPICIOUS_MOVE = YES;
				CLANG_WARN_UNGUARDED_AVAILABILITY = YES_AGGRESSIVE;
				CLANG_WARN_UNREACHABLE_CODE = YES;
				CLANG_WARN__DUPLICATE_METHOD_MATCH = YES;
				COPY_PHASE_STRIP = NO;
				DEBUG_INFORMATION_FORMAT = dwarf;
				ENABLE_STRICT_OBJC_MSGSEND = YES;
				ENABLE_TESTABILITY = YES;
				GCC_C_LANGUAGE_STANDARD = gnu11;
				GCC_DYNAMIC_NO_PIC = NO;
				GCC_NO_COMMON_BLOCKS = YES;
				GCC_OPTIMIZATION_LEVEL = 0;
				GCC_PREPROCESSOR_DEFINITIONS = (
					"DEBUG=1",
					"$(inherited)",
				);
				GCC_WARN_64_TO_32_BIT_CONVERSION = YES;
				GCC_WARN_ABOUT_RETURN_TYPE = YES_ERROR;
				GCC_WARN_UNDECLARED_SELECTOR = YES;
				GCC_WARN_UNINITIALIZED_AUTOS = YES_AGGRESSIVE;
				GCC_WARN_UNUSED_FUNCTION = YES;
				GCC_WARN_UNUSED_VARIABLE = YES;
				IPHONEOS_DEPLOYMENT_TARGET = 15.0;
				MTL_ENABLE_DEBUG_INFO = INCLUDE_SOURCE;
				MTL_FAST_MATH = YES;
				ONLY_ACTIVE_ARCH = YES;
				SDKROOT = iphoneos;
				SWIFT_ACTIVE_COMPILATION_CONDITIONS = DEBUG;
				SWIFT_OPTIMIZATION_LEVEL = "-Onone";
			};
			name = Debug;
		};
		55026E41289097E30064E1CB /* Release */ = {
			isa = XCBuildConfiguration;
			buildSettings = {
				ALWAYS_SEARCH_USER_PATHS = NO;
				CLANG_ANALYZER_NONNULL = YES;
				CLANG_ANALYZER_NUMBER_OBJECT_CONVERSION = YES_AGGRESSIVE;
				CLANG_CXX_LANGUAGE_STANDARD = "gnu++17";
				CLANG_CXX_LIBRARY = "libc++";
				CLANG_ENABLE_MODULES = YES;
				CLANG_ENABLE_OBJC_ARC = YES;
				CLANG_ENABLE_OBJC_WEAK = YES;
				CLANG_WARN_BLOCK_CAPTURE_AUTORELEASING = YES;
				CLANG_WARN_BOOL_CONVERSION = YES;
				CLANG_WARN_COMMA = YES;
				CLANG_WARN_CONSTANT_CONVERSION = YES;
				CLANG_WARN_DEPRECATED_OBJC_IMPLEMENTATIONS = YES;
				CLANG_WARN_DIRECT_OBJC_ISA_USAGE = YES_ERROR;
				CLANG_WARN_DOCUMENTATION_COMMENTS = YES;
				CLANG_WARN_EMPTY_BODY = YES;
				CLANG_WARN_ENUM_CONVERSION = YES;
				CLANG_WARN_INFINITE_RECURSION = YES;
				CLANG_WARN_INT_CONVERSION = YES;
				CLANG_WARN_NON_LITERAL_NULL_CONVERSION = YES;
				CLANG_WARN_OBJC_IMPLICIT_RETAIN_SELF = YES;
				CLANG_WARN_OBJC_LITERAL_CONVERSION = YES;
				CLANG_WARN_OBJC_ROOT_CLASS = YES_ERROR;
				CLANG_WARN_QUOTED_INCLUDE_IN_FRAMEWORK_HEADER = YES;
				CLANG_WARN_RANGE_LOOP_ANALYSIS = YES;
				CLANG_WARN_STRICT_PROTOTYPES = YES;
				CLANG_WARN_SUSPICIOUS_MOVE = YES;
				CLANG_WARN_UNGUARDED_AVAILABILITY = YES_AGGRESSIVE;
				CLANG_WARN_UNREACHABLE_CODE = YES;
				CLANG_WARN__DUPLICATE_METHOD_MATCH = YES;
				COPY_PHASE_STRIP = NO;
				DEBUG_INFORMATION_FORMAT = "dwarf-with-dsym";
				ENABLE_NS_ASSERTIONS = NO;
				ENABLE_STRICT_OBJC_MSGSEND = YES;
				GCC_C_LANGUAGE_STANDARD = gnu11;
				GCC_NO_COMMON_BLOCKS = YES;
				GCC_WARN_64_TO_32_BIT_CONVERSION = YES;
				GCC_WARN_ABOUT_RETURN_TYPE = YES_ERROR;
				GCC_WARN_UNDECLARED_SELECTOR = YES;
				GCC_WARN_UNINITIALIZED_AUTOS = YES_AGGRESSIVE;
				GCC_WARN_UNUSED_FUNCTION = YES;
				GCC_WARN_UNUSED_VARIABLE = YES;
				IPHONEOS_DEPLOYMENT_TARGET = 15.0;
				MTL_ENABLE_DEBUG_INFO = NO;
				MTL_FAST_MATH = YES;
				SDKROOT = iphoneos;
				SWIFT_COMPILATION_MODE = wholemodule;
				SWIFT_OPTIMIZATION_LEVEL = "-O";
				VALIDATE_PRODUCT = YES;
			};
			name = Release;
		};
		55026E43289097E30064E1CB /* Debug */ = {
			isa = XCBuildConfiguration;
			buildSettings = {
				ASSETCATALOG_COMPILER_APPICON_NAME = AppIcon;
				ASSETCATALOG_COMPILER_GLOBAL_ACCENT_COLOR_NAME = AccentColor;
				CODE_SIGN_STYLE = Automatic;
				CURRENT_PROJECT_VERSION = 1;
				DEVELOPMENT_TEAM = C7WS7FG6DD;
				GENERATE_INFOPLIST_FILE = YES;
				INFOPLIST_FILE = "comics-challenge/Info.plist";
				INFOPLIST_KEY_UIApplicationSupportsIndirectInputEvents = YES;
				INFOPLIST_KEY_UILaunchStoryboardName = LaunchScreen;
				INFOPLIST_KEY_UISupportedInterfaceOrientations_iPad = "UIInterfaceOrientationPortrait UIInterfaceOrientationPortraitUpsideDown UIInterfaceOrientationLandscapeLeft UIInterfaceOrientationLandscapeRight";
				INFOPLIST_KEY_UISupportedInterfaceOrientations_iPhone = "UIInterfaceOrientationPortrait UIInterfaceOrientationLandscapeLeft UIInterfaceOrientationLandscapeRight";
				LD_RUNPATH_SEARCH_PATHS = (
					"$(inherited)",
					"@executable_path/Frameworks",
				);
				MARKETING_VERSION = 1.0;
				PRODUCT_BUNDLE_IDENTIFIER = "com.maryangel.comics-challenge";
				PRODUCT_NAME = "$(TARGET_NAME)";
				SWIFT_EMIT_LOC_STRINGS = YES;
				SWIFT_VERSION = 5.0;
				TARGETED_DEVICE_FAMILY = "1,2";
			};
			name = Debug;
		};
		55026E44289097E30064E1CB /* Release */ = {
			isa = XCBuildConfiguration;
			buildSettings = {
				ASSETCATALOG_COMPILER_APPICON_NAME = AppIcon;
				ASSETCATALOG_COMPILER_GLOBAL_ACCENT_COLOR_NAME = AccentColor;
				CODE_SIGN_STYLE = Automatic;
				CURRENT_PROJECT_VERSION = 1;
				DEVELOPMENT_TEAM = C7WS7FG6DD;
				GENERATE_INFOPLIST_FILE = YES;
				INFOPLIST_FILE = "comics-challenge/Info.plist";
				INFOPLIST_KEY_UIApplicationSupportsIndirectInputEvents = YES;
				INFOPLIST_KEY_UILaunchStoryboardName = LaunchScreen;
				INFOPLIST_KEY_UISupportedInterfaceOrientations_iPad = "UIInterfaceOrientationPortrait UIInterfaceOrientationPortraitUpsideDown UIInterfaceOrientationLandscapeLeft UIInterfaceOrientationLandscapeRight";
				INFOPLIST_KEY_UISupportedInterfaceOrientations_iPhone = "UIInterfaceOrientationPortrait UIInterfaceOrientationLandscapeLeft UIInterfaceOrientationLandscapeRight";
				LD_RUNPATH_SEARCH_PATHS = (
					"$(inherited)",
					"@executable_path/Frameworks",
				);
				MARKETING_VERSION = 1.0;
				PRODUCT_BUNDLE_IDENTIFIER = "com.maryangel.comics-challenge";
				PRODUCT_NAME = "$(TARGET_NAME)";
				SWIFT_EMIT_LOC_STRINGS = YES;
				SWIFT_VERSION = 5.0;
				TARGETED_DEVICE_FAMILY = "1,2";
			};
			name = Release;
		};
		55026E46289097E30064E1CB /* Debug */ = {
			isa = XCBuildConfiguration;
			buildSettings = {
				ALWAYS_EMBED_SWIFT_STANDARD_LIBRARIES = YES;
				BUNDLE_LOADER = "$(TEST_HOST)";
				CODE_SIGN_STYLE = Automatic;
				CURRENT_PROJECT_VERSION = 1;
				DEVELOPMENT_TEAM = C7WS7FG6DD;
				GENERATE_INFOPLIST_FILE = YES;
				IPHONEOS_DEPLOYMENT_TARGET = 15.0;
				LD_RUNPATH_SEARCH_PATHS = (
					"$(inherited)",
					"@executable_path/Frameworks",
					"@loader_path/Frameworks",
				);
				MARKETING_VERSION = 1.0;
				PRODUCT_BUNDLE_IDENTIFIER = "com.maryangel.comics-challengeTests";
				PRODUCT_NAME = "$(TARGET_NAME)";
				SWIFT_EMIT_LOC_STRINGS = NO;
				SWIFT_VERSION = 5.0;
				TARGETED_DEVICE_FAMILY = "1,2";
				TEST_HOST = "$(BUILT_PRODUCTS_DIR)/comics-challenge.app/comics-challenge";
			};
			name = Debug;
		};
		55026E47289097E30064E1CB /* Release */ = {
			isa = XCBuildConfiguration;
			buildSettings = {
				ALWAYS_EMBED_SWIFT_STANDARD_LIBRARIES = YES;
				BUNDLE_LOADER = "$(TEST_HOST)";
				CODE_SIGN_STYLE = Automatic;
				CURRENT_PROJECT_VERSION = 1;
				DEVELOPMENT_TEAM = C7WS7FG6DD;
				GENERATE_INFOPLIST_FILE = YES;
				IPHONEOS_DEPLOYMENT_TARGET = 15.0;
				LD_RUNPATH_SEARCH_PATHS = (
					"$(inherited)",
					"@executable_path/Frameworks",
					"@loader_path/Frameworks",
				);
				MARKETING_VERSION = 1.0;
				PRODUCT_BUNDLE_IDENTIFIER = "com.maryangel.comics-challengeTests";
				PRODUCT_NAME = "$(TARGET_NAME)";
				SWIFT_EMIT_LOC_STRINGS = NO;
				SWIFT_VERSION = 5.0;
				TARGETED_DEVICE_FAMILY = "1,2";
				TEST_HOST = "$(BUILT_PRODUCTS_DIR)/comics-challenge.app/comics-challenge";
			};
			name = Release;
		};
		55026E49289097E30064E1CB /* Debug */ = {
			isa = XCBuildConfiguration;
			buildSettings = {
				ALWAYS_EMBED_SWIFT_STANDARD_LIBRARIES = YES;
				CODE_SIGN_STYLE = Automatic;
				CURRENT_PROJECT_VERSION = 1;
				DEVELOPMENT_TEAM = C7WS7FG6DD;
				GENERATE_INFOPLIST_FILE = YES;
				LD_RUNPATH_SEARCH_PATHS = (
					"$(inherited)",
					"@executable_path/Frameworks",
					"@loader_path/Frameworks",
				);
				MARKETING_VERSION = 1.0;
				PRODUCT_BUNDLE_IDENTIFIER = "com.maryangel.comics-challengeUITests";
				PRODUCT_NAME = "$(TARGET_NAME)";
				SWIFT_EMIT_LOC_STRINGS = NO;
				SWIFT_VERSION = 5.0;
				TARGETED_DEVICE_FAMILY = "1,2";
				TEST_TARGET_NAME = "comics-challenge";
			};
			name = Debug;
		};
		55026E4A289097E30064E1CB /* Release */ = {
			isa = XCBuildConfiguration;
			buildSettings = {
				ALWAYS_EMBED_SWIFT_STANDARD_LIBRARIES = YES;
				CODE_SIGN_STYLE = Automatic;
				CURRENT_PROJECT_VERSION = 1;
				DEVELOPMENT_TEAM = C7WS7FG6DD;
				GENERATE_INFOPLIST_FILE = YES;
				LD_RUNPATH_SEARCH_PATHS = (
					"$(inherited)",
					"@executable_path/Frameworks",
					"@loader_path/Frameworks",
				);
				MARKETING_VERSION = 1.0;
				PRODUCT_BUNDLE_IDENTIFIER = "com.maryangel.comics-challengeUITests";
				PRODUCT_NAME = "$(TARGET_NAME)";
				SWIFT_EMIT_LOC_STRINGS = NO;
				SWIFT_VERSION = 5.0;
				TARGETED_DEVICE_FAMILY = "1,2";
				TEST_TARGET_NAME = "comics-challenge";
			};
			name = Release;
		};
/* End XCBuildConfiguration section */

/* Begin XCConfigurationList section */
		55026E13289097DF0064E1CB /* Build configuration list for PBXProject "comics-challenge" */ = {
			isa = XCConfigurationList;
			buildConfigurations = (
				55026E40289097E30064E1CB /* Debug */,
				55026E41289097E30064E1CB /* Release */,
			);
			defaultConfigurationIsVisible = 0;
			defaultConfigurationName = Release;
		};
		55026E42289097E30064E1CB /* Build configuration list for PBXNativeTarget "comics-challenge" */ = {
			isa = XCConfigurationList;
			buildConfigurations = (
				55026E43289097E30064E1CB /* Debug */,
				55026E44289097E30064E1CB /* Release */,
			);
			defaultConfigurationIsVisible = 0;
			defaultConfigurationName = Release;
		};
		55026E45289097E30064E1CB /* Build configuration list for PBXNativeTarget "comics-challengeTests" */ = {
			isa = XCConfigurationList;
			buildConfigurations = (
				55026E46289097E30064E1CB /* Debug */,
				55026E47289097E30064E1CB /* Release */,
			);
			defaultConfigurationIsVisible = 0;
			defaultConfigurationName = Release;
		};
		55026E48289097E30064E1CB /* Build configuration list for PBXNativeTarget "comics-challengeUITests" */ = {
			isa = XCConfigurationList;
			buildConfigurations = (
				55026E49289097E30064E1CB /* Debug */,
				55026E4A289097E30064E1CB /* Release */,
			);
			defaultConfigurationIsVisible = 0;
			defaultConfigurationName = Release;
		};
/* End XCConfigurationList section */
	};
	rootObject = 55026E10289097DF0064E1CB /* Project object */;
}
